<?xml version="1.0" encoding="utf-8"?>
<Project ToolsVersion="4.0" xmlns="http://schemas.microsoft.com/developer/msbuild/2003">
  <ItemGroup>
    <ClCompile Include="StandardInjection.cpp" />
    <ClCompile Include="ProcessMemoryAllocation.cpp" />
    <ClCompile Include="UniqueHandle.cpp" />
    <ClCompile Include="InjectedDll.cpp" />
    <ClCompile Include="DllInjector.cpp" />
    <ClCompile Include="Extensions.cpp" />
  </ItemGroup>
  <ItemGroup>
    <ClInclude Include="ProcessMemoryAllocation.h" />
    <ClInclude Include="UniqueHandle.h" />
    <ClInclude Include="InjectedDll.h" />
    <ClInclude Include="DllInjector.h" />
    <ClInclude Include="Extensions.h" />
  </ItemGroup>
</Project>